
Microsoft Visual Studio Solution File, Format Version 12.00
# Visual Studio Version 16
VisualStudioVersion = 16.0.31605.320
MinimumVisualStudioVersion = 10.0.40219.1
Project("{FAE04EC0-301F-11D3-BF4B-00C04F79EFBC}") = "OcelotServer", "OcelotServer\OcelotServer.csproj", "{652151C8-92D3-4506-A997-68FE2C8DBC6C}"
EndProject
Global
	GlobalSection(SolutionConfigurationPlatforms) = preSolution
		Debug|Any CPU = Debug|Any CPU
		Release|Any CPU = Release|Any CPU
	EndGlobalSection
	GlobalSection(ProjectConfigurationPlatforms) = postSolution
		{652151C8-92D3-4506-A997-68FE2C8DBC6C}.Debug|Any CPU.ActiveCfg = Debug|Any CPU
		{652151C8-92D3-4506-A997-68FE2C8DBC6C}.Debug|Any CPU.Build.0 = Debug|Any CPU
		{652151C8-92D3-4506-A997-68FE2C8DBC6C}.Release|Any CPU.ActiveCfg = Release|Any CPU
		{652151C8-92D3-4506-A997-68FE2C8DBC6C}.Release|Any CPU.Build.0 = Release|Any CPU
	EndGlobalSection
	GlobalSection(SolutionProperties) = preSolution
		HideSolutionNode = FALSE
	EndGlobalSection
	GlobalSection(ExtensibilityGlobals) = postSolution
		SolutionGuid = {B6F780BF-0BD4-478F-8241-61B19DA9CF69}
	EndGlobalSection
EndGlobal
